
Microsoft Visual Studio Solution File, Format Version 12.00
# Visual Studio Version 17
VisualStudioVersion = 17.11.35222.181
MinimumVisualStudioVersion = 10.0.40219.1
Project("{FAE04EC0-301F-11D3-BF4B-00C04F79EFBC}") = "OlympRentalSystem.Shared", "OlympRentalSystem.Shared\OlympRentalSystem.Shared.csproj", "{DE31C5E5-9513-4D7D-BCC1-0D668C7E62B2}"
EndProject
Project("{FAE04EC0-301F-11D3-BF4B-00C04F79EFBC}") = "OlympRentalSystem.UI", "OlympRentalSystem.UI\OlympRentalSystem.UI.csproj", "{7E906EDE-DB1E-4D0B-837B-55370F79982C}"
EndProject
Project("{FAE04EC0-301F-11D3-BF4B-00C04F79EFBC}") = "OlympRentalSystem.API", "OlympRentalSystem.API\OlympRentalSystem.API.csproj", "{9E455936-D3B2-445A-946C-B7720A7897EC}"
EndProject
Global
	GlobalSection(SolutionConfigurationPlatforms) = preSolution
		Debug|Any CPU = Debug|Any CPU
		Release|Any CPU = Release|Any CPU
	EndGlobalSection
	GlobalSection(ProjectConfigurationPlatforms) = postSolution
		{DE31C5E5-9513-4D7D-BCC1-0D668C7E62B2}.Debug|Any CPU.ActiveCfg = Debug|Any CPU
		{DE31C5E5-9513-4D7D-BCC1-0D668C7E62B2}.Debug|Any CPU.Build.0 = Debug|Any CPU
		{DE31C5E5-9513-4D7D-BCC1-0D668C7E62B2}.Release|Any CPU.ActiveCfg = Release|Any CPU
		{DE31C5E5-9513-4D7D-BCC1-0D668C7E62B2}.Release|Any CPU.Build.0 = Release|Any CPU
		{7E906EDE-DB1E-4D0B-837B-55370F79982C}.Debug|Any CPU.ActiveCfg = Debug|Any CPU
		{7E906EDE-DB1E-4D0B-837B-55370F79982C}.Debug|Any CPU.Build.0 = Debug|Any CPU
		{7E906EDE-DB1E-4D0B-837B-55370F79982C}.Release|Any CPU.ActiveCfg = Release|Any CPU
		{7E906EDE-DB1E-4D0B-837B-55370F79982C}.Release|Any CPU.Build.0 = Release|Any CPU
		{9E455936-D3B2-445A-946C-B7720A7897EC}.Debug|Any CPU.ActiveCfg = Debug|Any CPU
		{9E455936-D3B2-445A-946C-B7720A7897EC}.Debug|Any CPU.Build.0 = Debug|Any CPU
		{9E455936-D3B2-445A-946C-B7720A7897EC}.Release|Any CPU.ActiveCfg = Release|Any CPU
		{9E455936-D3B2-445A-946C-B7720A7897EC}.Release|Any CPU.Build.0 = Release|Any CPU
	EndGlobalSection
	GlobalSection(SolutionProperties) = preSolution
		HideSolutionNode = FALSE
	EndGlobalSection
	GlobalSection(ExtensibilityGlobals) = postSolution
		SolutionGuid = {D4BCBF32-FC3E-486D-B3A8-16327AD37DFB}
	EndGlobalSection
EndGlobal
